// !$*UTF8*$!
{
	archiveVersion = 1;
	classes = {
	};
	objectVersion = 46;
	objects = {

/* Begin PBXBuildFile section */
		21565CE3717E47A0479B49DF /* Pods_MachinboTests.framework in Frameworks */ = {isa = PBXBuildFile; fileRef = 998B8F3B9A497577B3C7CA6E /* Pods_MachinboTests.framework */; };
		3A3F2150C031256EB68D9076 /* Pods_Machinbo.framework in Frameworks */ = {isa = PBXBuildFile; fileRef = 2C275108A6ABA651FAA2DEFE /* Pods_Machinbo.framework */; };
		9409F7931B2D994D0069DAE8 /* Images.xcassets in Resources */ = {isa = PBXBuildFile; fileRef = 9409F7921B2D994D0069DAE8 /* Images.xcassets */; };
		9409F7961B2D994D0069DAE8 /* LaunchScreen.xib in Resources */ = {isa = PBXBuildFile; fileRef = 9409F7941B2D994D0069DAE8 /* LaunchScreen.xib */; };
		9409F7A21B2D994D0069DAE8 /* MachinboTests.swift in Sources */ = {isa = PBXBuildFile; fileRef = 9409F7A11B2D994D0069DAE8 /* MachinboTests.swift */; };
		9484EBDA1CC38BC800DEC7A4 /* AMReachability.swift in Sources */ = {isa = PBXBuildFile; fileRef = 9484EBD91CC38BC800DEC7A4 /* AMReachability.swift */; };
		94A91D401CC448B1004E7652 /* MBProgressHUDHelper.swift in Sources */ = {isa = PBXBuildFile; fileRef = 94A91D3F1CC448B1004E7652 /* MBProgressHUDHelper.swift */; };
		BB1A1E5B1CE93B190090E72D /* MessageUI.framework in Frameworks */ = {isa = PBXBuildFile; fileRef = BB1A1E5A1CE93B190090E72D /* MessageUI.framework */; };
		BB1A1E5D1CF515A90090E72D /* UserPolicy.txt in Resources */ = {isa = PBXBuildFile; fileRef = BB1A1E5C1CF515A90090E72D /* UserPolicy.txt */; };
		BB36D8DB1D0D184E00266BB6 /* LocationManager.swift in Sources */ = {isa = PBXBuildFile; fileRef = BB36D8DA1D0D184E00266BB6 /* LocationManager.swift */; };
		BB36D8E01D0E295000266BB6 /* UIViewExtensions.swift in Sources */ = {isa = PBXBuildFile; fileRef = BB36D8DF1D0E295000266BB6 /* UIViewExtensions.swift */; };
		BB3858D81D803C17006637F6 /* NotificationHelper.swift in Sources */ = {isa = PBXBuildFile; fileRef = BB3858D71D803C16006637F6 /* NotificationHelper.swift */; };
		BB4B3E6F1B5A001200183F62 /* libstdc++.6.dylib in Frameworks */ = {isa = PBXBuildFile; fileRef = BB4B3E6E1B5A001200183F62 /* libstdc++.6.dylib */; };
		BB4B3E701B5A009500183F62 /* libz.dylib in Frameworks */ = {isa = PBXBuildFile; fileRef = BBC3A3FD1B3E7C2B002CBBE9 /* libz.dylib */; };
		BB4B3E721B5A009F00183F62 /* Accounts.framework in Frameworks */ = {isa = PBXBuildFile; fileRef = BB4B3E711B5A009F00183F62 /* Accounts.framework */; };
		BB4B3E741B5A00A600183F62 /* Social.framework in Frameworks */ = {isa = PBXBuildFile; fileRef = BB4B3E731B5A00A600183F62 /* Social.framework */; };
		BB56B7F91E75A0B50095AD6C /* photo@2x.png in Resources */ = {isa = PBXBuildFile; fileRef = BB56B7F81E75A0B50095AD6C /* photo@2x.png */; };
		BB58C8DD1E7059D800557B32 /* edit@2x.png in Resources */ = {isa = PBXBuildFile; fileRef = BB58C8D11E7059D800557B32 /* edit@2x.png */; };
		BB58C8DE1E7059D800557B32 /* fukidashi.png in Resources */ = {isa = PBXBuildFile; fileRef = BB58C8D21E7059D800557B32 /* fukidashi.png */; };
		BB58C8DF1E7059D800557B32 /* home@2x.png in Resources */ = {isa = PBXBuildFile; fileRef = BB58C8D31E7059D800557B32 /* home@2x.png */; };
		BB58C8E01E7059D800557B32 /* logo_fb.png in Resources */ = {isa = PBXBuildFile; fileRef = BB58C8D41E7059D800557B32 /* logo_fb.png */; };
		BB58C8E11E7059D800557B32 /* logo_twitter.png in Resources */ = {isa = PBXBuildFile; fileRef = BB58C8D51E7059D800557B32 /* logo_twitter.png */; };
		BB58C8E21E7059D800557B32 /* mappin@2x.png in Resources */ = {isa = PBXBuildFile; fileRef = BB58C8D61E7059D800557B32 /* mappin@2x.png */; };
		BB58C8E31E7059D800557B32 /* meetup@2x.png in Resources */ = {isa = PBXBuildFile; fileRef = BB58C8D71E7059D800557B32 /* meetup@2x.png */; };
		BB58C8E51E7059D800557B32 /* profile_icon@2x.png in Resources */ = {isa = PBXBuildFile; fileRef = BB58C8D91E7059D800557B32 /* profile_icon@2x.png */; };
		BB58C8E61E7059D800557B32 /* reload@2x.png in Resources */ = {isa = PBXBuildFile; fileRef = BB58C8DA1E7059D800557B32 /* reload@2x.png */; };
		BB58C8E71E7059D800557B32 /* search@2x.png in Resources */ = {isa = PBXBuildFile; fileRef = BB58C8DB1E7059D800557B32 /* search@2x.png */; };
		BB58C8E81E7059D800557B32 /* settings@2x.png in Resources */ = {isa = PBXBuildFile; fileRef = BB58C8DC1E7059D800557B32 /* settings@2x.png */; };
		BB58C8F21E705A0900557B32 /* GoNowViewController.swift in Sources */ = {isa = PBXBuildFile; fileRef = BB58C8E91E705A0900557B32 /* GoNowViewController.swift */; };
		BB58C8F31E705A0900557B32 /* MapViewController.swift in Sources */ = {isa = PBXBuildFile; fileRef = BB58C8EA1E705A0900557B32 /* MapViewController.swift */; };
		BB58C8F41E705A0900557B32 /* MarkerDraggableViewController.swift in Sources */ = {isa = PBXBuildFile; fileRef = BB58C8EB1E705A0900557B32 /* MarkerDraggableViewController.swift */; };
		BB58C8F51E705A0900557B32 /* MeetupViewController.swift in Sources */ = {isa = PBXBuildFile; fileRef = BB58C8EC1E705A0900557B32 /* MeetupViewController.swift */; };
		BB58C8F61E705A0900557B32 /* PickerViewController.swift in Sources */ = {isa = PBXBuildFile; fileRef = BB58C8ED1E705A0900557B32 /* PickerViewController.swift */; };
		BB58C8F71E705A0900557B32 /* ProfileViewController.swift in Sources */ = {isa = PBXBuildFile; fileRef = BB58C8EE1E705A0900557B32 /* ProfileViewController.swift */; };
		BB58C8F81E705A0900557B32 /* SettingsViewController.swift in Sources */ = {isa = PBXBuildFile; fileRef = BB58C8EF1E705A0900557B32 /* SettingsViewController.swift */; };
		BB58C8F91E705A0900557B32 /* TargetProfileViewController.swift in Sources */ = {isa = PBXBuildFile; fileRef = BB58C8F01E705A0900557B32 /* TargetProfileViewController.swift */; };
		BB58C8FA1E705A0900557B32 /* TransisionProtocol.swift in Sources */ = {isa = PBXBuildFile; fileRef = BB58C8F11E705A0900557B32 /* TransisionProtocol.swift */; };
		BB58C8FC1E705A5F00557B32 /* LayoutManager.swift in Sources */ = {isa = PBXBuildFile; fileRef = BB58C8FB1E705A5F00557B32 /* LayoutManager.swift */; };
		BB58C8FE1E705AA300557B32 /* style.geojson in Resources */ = {isa = PBXBuildFile; fileRef = BB58C8FD1E705AA300557B32 /* style.geojson */; };
		BB6FDDC71C3E92FD00C366A2 /* ZFRippleButton.swift in Sources */ = {isa = PBXBuildFile; fileRef = BB6FDDC61C3E92FD00C366A2 /* ZFRippleButton.swift */; };
		BB6FDDCC1C3E934F00C366A2 /* LoginManager.swift in Sources */ = {isa = PBXBuildFile; fileRef = BB6FDDCA1C3E934F00C366A2 /* LoginManager.swift */; };
		BB6FDDD31C3E952700C366A2 /* ConfigHelper.swift in Sources */ = {isa = PBXBuildFile; fileRef = BB6FDDCE1C3E952700C366A2 /* ConfigHelper.swift */; };
		BB6FDDD41C3E952700C366A2 /* GoogleMapsHelper.swift in Sources */ = {isa = PBXBuildFile; fileRef = BB6FDDCF1C3E952700C366A2 /* GoogleMapsHelper.swift */; };
		BB6FDDD51C3E952700C366A2 /* ParseHelper.swift in Sources */ = {isa = PBXBuildFile; fileRef = BB6FDDD01C3E952700C366A2 /* ParseHelper.swift */; };
		BB6FDDD61C3E952700C366A2 /* PersistentData.swift in Sources */ = {isa = PBXBuildFile; fileRef = BB6FDDD11C3E952700C366A2 /* PersistentData.swift */; };
		BB6FDDD71C3E952700C366A2 /* UIAlertView+Custom.swift in Sources */ = {isa = PBXBuildFile; fileRef = BB6FDDD21C3E952700C366A2 /* UIAlertView+Custom.swift */; };
		BB6FDDE61C3E97E100C366A2 /* DetailProfileTableViewCell.swift in Sources */ = {isa = PBXBuildFile; fileRef = BB6FDDD91C3E97E100C366A2 /* DetailProfileTableViewCell.swift */; };
		BB6FDDE71C3E97E100C366A2 /* DetailProfileTableViewCell.xib in Resources */ = {isa = PBXBuildFile; fileRef = BB6FDDDA1C3E97E100C366A2 /* DetailProfileTableViewCell.xib */; };
		BB6FDDE81C3E97E100C366A2 /* GoNowListView.xib in Resources */ = {isa = PBXBuildFile; fileRef = BB6FDDDB1C3E97E100C366A2 /* GoNowListView.xib */; };
		BB6FDDE91C3E97E100C366A2 /* GoNowTableViewCell.swift in Sources */ = {isa = PBXBuildFile; fileRef = BB6FDDDC1C3E97E100C366A2 /* GoNowTableViewCell.swift */; };
		BB6FDDEA1C3E97E100C366A2 /* GoNowTableViewCell.xib in Resources */ = {isa = PBXBuildFile; fileRef = BB6FDDDD1C3E97E100C366A2 /* GoNowTableViewCell.xib */; };
		BB6FDDEB1C3E97E100C366A2 /* MapView.xib in Resources */ = {isa = PBXBuildFile; fileRef = BB6FDDDE1C3E97E100C366A2 /* MapView.xib */; };
		BB6FDDEC1C3E97E100C366A2 /* MarkWindow.swift in Sources */ = {isa = PBXBuildFile; fileRef = BB6FDDDF1C3E97E100C366A2 /* MarkWindow.swift */; };
		BB6FDDED1C3E97E100C366A2 /* MarkWindow.xib in Resources */ = {isa = PBXBuildFile; fileRef = BB6FDDE01C3E97E100C366A2 /* MarkWindow.xib */; };
		BB6FDDEE1C3E97E100C366A2 /* PickerView.xib in Resources */ = {isa = PBXBuildFile; fileRef = BB6FDDE11C3E97E100C366A2 /* PickerView.xib */; };
		BB6FDDEF1C3E97E100C366A2 /* ProfileView.xib in Resources */ = {isa = PBXBuildFile; fileRef = BB6FDDE21C3E97E100C366A2 /* ProfileView.xib */; };
		BB6FDDF21C3E97E100C366A2 /* TargetProfileView.xib in Resources */ = {isa = PBXBuildFile; fileRef = BB6FDDE51C3E97E100C366A2 /* TargetProfileView.xib */; };
		BB6FDE0F1C43AC1500C366A2 /* FeedData.swift in Sources */ = {isa = PBXBuildFile; fileRef = BB6FDE0E1C43AC1500C366A2 /* FeedData.swift */; };
		BB7A35441D9DCFE4008C1444 /* TwitterKitResources.bundle in Resources */ = {isa = PBXBuildFile; fileRef = BB7A35431D9DCFE3008C1444 /* TwitterKitResources.bundle */; };
		BB8474FA1CCEDC110001FFB8 /* ImakokoView.xib in Resources */ = {isa = PBXBuildFile; fileRef = BB8474F91CCEDC110001FFB8 /* ImakokoView.xib */; };
		BB87AD901CDB14C5003973D7 /* SafariServices.framework in Frameworks */ = {isa = PBXBuildFile; fileRef = BB87AD8F1CDB14C5003973D7 /* SafariServices.framework */; };
		BB8B07221E4A144700CD02E8 /* UserData.swift in Sources */ = {isa = PBXBuildFile; fileRef = BB8B07211E4A144700CD02E8 /* UserData.swift */; };
		BB8B07241E4B273400CD02E8 /* GonowData.swift in Sources */ = {isa = PBXBuildFile; fileRef = BB8B07231E4B273400CD02E8 /* GonowData.swift */; };
		BB8B07271E504E9700CD02E8 /* StyleConst.swift in Sources */ = {isa = PBXBuildFile; fileRef = BB8B07261E504E9700CD02E8 /* StyleConst.swift */; };
		BBA5C4941B3542F3005D062B /* GoogleMaps.framework in Frameworks */ = {isa = PBXBuildFile; fileRef = BBA5C4931B3542F3005D062B /* GoogleMaps.framework */; };
		BBC3A3EE1B3E7BB6002CBBE9 /* AVFoundation.framework in Frameworks */ = {isa = PBXBuildFile; fileRef = BBC3A3ED1B3E7BB6002CBBE9 /* AVFoundation.framework */; };
		BBC3A3F01B3E7BC1002CBBE9 /* CoreData.framework in Frameworks */ = {isa = PBXBuildFile; fileRef = BBC3A3EF1B3E7BC1002CBBE9 /* CoreData.framework */; };
		BBC3A3F21B3E7BDC002CBBE9 /* CoreLocation.framework in Frameworks */ = {isa = PBXBuildFile; fileRef = BBC3A3F11B3E7BDC002CBBE9 /* CoreLocation.framework */; };
		BBC3A3F41B3E7BEB002CBBE9 /* CoreText.framework in Frameworks */ = {isa = PBXBuildFile; fileRef = BBC3A3F31B3E7BEB002CBBE9 /* CoreText.framework */; };
		BBC3A3F61B3E7BF8002CBBE9 /* GLKit.framework in Frameworks */ = {isa = PBXBuildFile; fileRef = BBC3A3F51B3E7BF8002CBBE9 /* GLKit.framework */; };
		BBC3A3F81B3E7C03002CBBE9 /* ImageIO.framework in Frameworks */ = {isa = PBXBuildFile; fileRef = BBC3A3F71B3E7C03002CBBE9 /* ImageIO.framework */; };
		BBC3A3FA1B3E7C14002CBBE9 /* libicucore.dylib in Frameworks */ = {isa = PBXBuildFile; fileRef = BBC3A3F91B3E7C14002CBBE9 /* libicucore.dylib */; };
		BBC3A4001B3E7C37002CBBE9 /* OpenGLES.framework in Frameworks */ = {isa = PBXBuildFile; fileRef = BBC3A3FF1B3E7C37002CBBE9 /* OpenGLES.framework */; };
		BBC3A4021B3E7C40002CBBE9 /* QuartzCore.framework in Frameworks */ = {isa = PBXBuildFile; fileRef = BBC3A4011B3E7C40002CBBE9 /* QuartzCore.framework */; };
		BBC3A4041B3E7C49002CBBE9 /* SystemConfiguration.framework in Frameworks */ = {isa = PBXBuildFile; fileRef = BBC3A4031B3E7C49002CBBE9 /* SystemConfiguration.framework */; };
		BBC5E3A71E32150900EDE432 /* Info.plist in Resources */ = {isa = PBXBuildFile; fileRef = BBC5E3A61E32150900EDE432 /* Info.plist */; };
		BBD353581CDDCCB1007B1A1C /* SettingsView.xib in Resources */ = {isa = PBXBuildFile; fileRef = BBD353571CDDCCB1007B1A1C /* SettingsView.xib */; };
		BBEFA89B1B57BE99002EFC7A /* AppDelegate.swift in Sources */ = {isa = PBXBuildFile; fileRef = BBEFA89A1B57BE99002EFC7A /* AppDelegate.swift */; };
		BBEFA8A91B59E603002EFC7A /* AudioToolbox.framework in Frameworks */ = {isa = PBXBuildFile; fileRef = BBEFA8A81B59E603002EFC7A /* AudioToolbox.framework */; };
		BBEFA8AB1B59E60C002EFC7A /* CFNetwork.framework in Frameworks */ = {isa = PBXBuildFile; fileRef = BBEFA8AA1B59E60C002EFC7A /* CFNetwork.framework */; };
		BBEFA8AD1B59E616002EFC7A /* CoreGraphics.framework in Frameworks */ = {isa = PBXBuildFile; fileRef = BBEFA8AC1B59E616002EFC7A /* CoreGraphics.framework */; };
		BBEFA8AF1B59E633002EFC7A /* Security.framework in Frameworks */ = {isa = PBXBuildFile; fileRef = BBEFA8AE1B59E633002EFC7A /* Security.framework */; };
		BBEFA8B11B59E63B002EFC7A /* StoreKit.framework in Frameworks */ = {isa = PBXBuildFile; fileRef = BBEFA8B01B59E63B002EFC7A /* StoreKit.framework */; };
		BBEFA8B31B59E64F002EFC7A /* libsqlite3.dylib in Frameworks */ = {isa = PBXBuildFile; fileRef = BBEFA8B21B59E64F002EFC7A /* libsqlite3.dylib */; };
		BBFEC6D91B92B7D90069137A /* Main.storyboard in Resources */ = {isa = PBXBuildFile; fileRef = BBFEC6D71B92B7D90069137A /* Main.storyboard */; };
/* End PBXBuildFile section */

/* Begin PBXContainerItemProxy section */
		9409F79C1B2D994D0069DAE8 /* PBXContainerItemProxy */ = {
			isa = PBXContainerItemProxy;
			containerPortal = 9409F77C1B2D994D0069DAE8 /* Project object */;
			proxyType = 1;
			remoteGlobalIDString = 9409F7831B2D994D0069DAE8;
			remoteInfo = Machinbo;
		};
/* End PBXContainerItemProxy section */

/* Begin PBXFileReference section */
		2C275108A6ABA651FAA2DEFE /* Pods_Machinbo.framework */ = {isa = PBXFileReference; explicitFileType = wrapper.framework; includeInIndex = 0; path = Pods_Machinbo.framework; sourceTree = BUILT_PRODUCTS_DIR; };
		630EC4F74C0D5E7636DD6777 /* Pods-MachinboTests.debug.xcconfig */ = {isa = PBXFileReference; includeInIndex = 1; lastKnownFileType = text.xcconfig; name = "Pods-MachinboTests.debug.xcconfig"; path = "Pods/Target Support Files/Pods-MachinboTests/Pods-MachinboTests.debug.xcconfig"; sourceTree = "<group>"; };
		9409F7841B2D994D0069DAE8 /* Machinbo.app */ = {isa = PBXFileReference; explicitFileType = wrapper.application; includeInIndex = 0; path = Machinbo.app; sourceTree = BUILT_PRODUCTS_DIR; };
		9409F7921B2D994D0069DAE8 /* Images.xcassets */ = {isa = PBXFileReference; lastKnownFileType = folder.assetcatalog; path = Images.xcassets; sourceTree = "<group>"; };
		9409F7951B2D994D0069DAE8 /* Base */ = {isa = PBXFileReference; lastKnownFileType = file.xib; name = Base; path = Base.lproj/LaunchScreen.xib; sourceTree = "<group>"; };
		9409F79B1B2D994D0069DAE8 /* MachinboTests.xctest */ = {isa = PBXFileReference; explicitFileType = wrapper.cfbundle; includeInIndex = 0; path = MachinboTests.xctest; sourceTree = BUILT_PRODUCTS_DIR; };
		9409F7A01B2D994D0069DAE8 /* Info.plist */ = {isa = PBXFileReference; lastKnownFileType = text.plist.xml; path = Info.plist; sourceTree = "<group>"; };
		9409F7A11B2D994D0069DAE8 /* MachinboTests.swift */ = {isa = PBXFileReference; lastKnownFileType = sourcecode.swift; path = MachinboTests.swift; sourceTree = "<group>"; };
		941312DF1E1FF2EB00374E05 /* Machinbo.entitlements */ = {isa = PBXFileReference; lastKnownFileType = text.plist.entitlements; path = Machinbo.entitlements; sourceTree = "<group>"; };
		9484EBD91CC38BC800DEC7A4 /* AMReachability.swift */ = {isa = PBXFileReference; fileEncoding = 4; lastKnownFileType = sourcecode.swift; path = AMReachability.swift; sourceTree = "<group>"; };
		94A91D3F1CC448B1004E7652 /* MBProgressHUDHelper.swift */ = {isa = PBXFileReference; fileEncoding = 4; lastKnownFileType = sourcecode.swift; path = MBProgressHUDHelper.swift; sourceTree = "<group>"; };
		95438EFEBF279B2FDC49DA39 /* Pods-MachinboTests.release.xcconfig */ = {isa = PBXFileReference; includeInIndex = 1; lastKnownFileType = text.xcconfig; name = "Pods-MachinboTests.release.xcconfig"; path = "Pods/Target Support Files/Pods-MachinboTests/Pods-MachinboTests.release.xcconfig"; sourceTree = "<group>"; };
		998B8F3B9A497577B3C7CA6E /* Pods_MachinboTests.framework */ = {isa = PBXFileReference; explicitFileType = wrapper.framework; includeInIndex = 0; path = Pods_MachinboTests.framework; sourceTree = BUILT_PRODUCTS_DIR; };
		BB1A1E5A1CE93B190090E72D /* MessageUI.framework */ = {isa = PBXFileReference; lastKnownFileType = wrapper.framework; name = MessageUI.framework; path = System/Library/Frameworks/MessageUI.framework; sourceTree = SDKROOT; };
		BB1A1E5C1CF515A90090E72D /* UserPolicy.txt */ = {isa = PBXFileReference; fileEncoding = 4; lastKnownFileType = text; path = UserPolicy.txt; sourceTree = "<group>"; };
		BB36D8DA1D0D184E00266BB6 /* LocationManager.swift */ = {isa = PBXFileReference; fileEncoding = 4; lastKnownFileType = sourcecode.swift; path = LocationManager.swift; sourceTree = "<group>"; };
		BB36D8DE1D0D57A100266BB6 /* Bridging_Header.h */ = {isa = PBXFileReference; lastKnownFileType = sourcecode.c.h; path = Bridging_Header.h; sourceTree = "<group>"; };
		BB36D8DF1D0E295000266BB6 /* UIViewExtensions.swift */ = {isa = PBXFileReference; fileEncoding = 4; lastKnownFileType = sourcecode.swift; path = UIViewExtensions.swift; sourceTree = "<group>"; };
		BB3858D71D803C16006637F6 /* NotificationHelper.swift */ = {isa = PBXFileReference; fileEncoding = 4; lastKnownFileType = sourcecode.swift; path = NotificationHelper.swift; sourceTree = "<group>"; };
		BB4B3E6E1B5A001200183F62 /* libstdc++.6.dylib */ = {isa = PBXFileReference; lastKnownFileType = "compiled.mach-o.dylib"; name = "libstdc++.6.dylib"; path = "usr/lib/libstdc++.6.dylib"; sourceTree = SDKROOT; };
		BB4B3E711B5A009F00183F62 /* Accounts.framework */ = {isa = PBXFileReference; lastKnownFileType = wrapper.framework; name = Accounts.framework; path = System/Library/Frameworks/Accounts.framework; sourceTree = SDKROOT; };
		BB4B3E731B5A00A600183F62 /* Social.framework */ = {isa = PBXFileReference; lastKnownFileType = wrapper.framework; name = Social.framework; path = System/Library/Frameworks/Social.framework; sourceTree = SDKROOT; };
		BB56B7F81E75A0B50095AD6C /* photo@2x.png */ = {isa = PBXFileReference; lastKnownFileType = image.png; path = "photo@2x.png"; sourceTree = "<group>"; };
		BB58C8D11E7059D800557B32 /* edit@2x.png */ = {isa = PBXFileReference; lastKnownFileType = image.png; path = "edit@2x.png"; sourceTree = "<group>"; };
		BB58C8D21E7059D800557B32 /* fukidashi.png */ = {isa = PBXFileReference; lastKnownFileType = image.png; path = fukidashi.png; sourceTree = "<group>"; };
		BB58C8D31E7059D800557B32 /* home@2x.png */ = {isa = PBXFileReference; lastKnownFileType = image.png; path = "home@2x.png"; sourceTree = "<group>"; };
		BB58C8D41E7059D800557B32 /* logo_fb.png */ = {isa = PBXFileReference; lastKnownFileType = image.png; path = logo_fb.png; sourceTree = "<group>"; };
		BB58C8D51E7059D800557B32 /* logo_twitter.png */ = {isa = PBXFileReference; lastKnownFileType = image.png; path = logo_twitter.png; sourceTree = "<group>"; };
		BB58C8D61E7059D800557B32 /* mappin@2x.png */ = {isa = PBXFileReference; lastKnownFileType = image.png; path = "mappin@2x.png"; sourceTree = "<group>"; };
		BB58C8D71E7059D800557B32 /* meetup@2x.png */ = {isa = PBXFileReference; lastKnownFileType = image.png; path = "meetup@2x.png"; sourceTree = "<group>"; };
		BB58C8D91E7059D800557B32 /* profile_icon@2x.png */ = {isa = PBXFileReference; lastKnownFileType = image.png; path = "profile_icon@2x.png"; sourceTree = "<group>"; };
		BB58C8DA1E7059D800557B32 /* reload@2x.png */ = {isa = PBXFileReference; lastKnownFileType = image.png; path = "reload@2x.png"; sourceTree = "<group>"; };
		BB58C8DB1E7059D800557B32 /* search@2x.png */ = {isa = PBXFileReference; lastKnownFileType = image.png; path = "search@2x.png"; sourceTree = "<group>"; };
		BB58C8DC1E7059D800557B32 /* settings@2x.png */ = {isa = PBXFileReference; lastKnownFileType = image.png; path = "settings@2x.png"; sourceTree = "<group>"; };
		BB58C8E91E705A0900557B32 /* GoNowViewController.swift */ = {isa = PBXFileReference; fileEncoding = 4; lastKnownFileType = sourcecode.swift; path = GoNowViewController.swift; sourceTree = "<group>"; };
		BB58C8EA1E705A0900557B32 /* MapViewController.swift */ = {isa = PBXFileReference; fileEncoding = 4; lastKnownFileType = sourcecode.swift; path = MapViewController.swift; sourceTree = "<group>"; };
		BB58C8EB1E705A0900557B32 /* MarkerDraggableViewController.swift */ = {isa = PBXFileReference; fileEncoding = 4; lastKnownFileType = sourcecode.swift; path = MarkerDraggableViewController.swift; sourceTree = "<group>"; };
		BB58C8EC1E705A0900557B32 /* MeetupViewController.swift */ = {isa = PBXFileReference; fileEncoding = 4; lastKnownFileType = sourcecode.swift; path = MeetupViewController.swift; sourceTree = "<group>"; };
		BB58C8ED1E705A0900557B32 /* PickerViewController.swift */ = {isa = PBXFileReference; fileEncoding = 4; lastKnownFileType = sourcecode.swift; path = PickerViewController.swift; sourceTree = "<group>"; };
		BB58C8EE1E705A0900557B32 /* ProfileViewController.swift */ = {isa = PBXFileReference; fileEncoding = 4; lastKnownFileType = sourcecode.swift; path = ProfileViewController.swift; sourceTree = "<group>"; };
		BB58C8EF1E705A0900557B32 /* SettingsViewController.swift */ = {isa = PBXFileReference; fileEncoding = 4; lastKnownFileType = sourcecode.swift; path = SettingsViewController.swift; sourceTree = "<group>"; };
		BB58C8F01E705A0900557B32 /* TargetProfileViewController.swift */ = {isa = PBXFileReference; fileEncoding = 4; lastKnownFileType = sourcecode.swift; path = TargetProfileViewController.swift; sourceTree = "<group>"; };
		BB58C8F11E705A0900557B32 /* TransisionProtocol.swift */ = {isa = PBXFileReference; fileEncoding = 4; lastKnownFileType = sourcecode.swift; path = TransisionProtocol.swift; sourceTree = "<group>"; };
		BB58C8FB1E705A5F00557B32 /* LayoutManager.swift */ = {isa = PBXFileReference; fileEncoding = 4; lastKnownFileType = sourcecode.swift; path = LayoutManager.swift; sourceTree = "<group>"; };
		BB58C8FD1E705AA300557B32 /* style.geojson */ = {isa = PBXFileReference; fileEncoding = 4; lastKnownFileType = text; path = style.geojson; sourceTree = "<group>"; };
		BB6BE7B21C4B8407004BD903 /* SCLAlertView.framework */ = {isa = PBXFileReference; lastKnownFileType = wrapper.framework; name = SCLAlertView.framework; path = "Pods/../build/Debug-iphoneos/SCLAlertView.framework"; sourceTree = "<group>"; };
		BB6FDDC61C3E92FD00C366A2 /* ZFRippleButton.swift */ = {isa = PBXFileReference; fileEncoding = 4; lastKnownFileType = sourcecode.swift; path = ZFRippleButton.swift; sourceTree = "<group>"; };
		BB6FDDCA1C3E934F00C366A2 /* LoginManager.swift */ = {isa = PBXFileReference; fileEncoding = 4; lastKnownFileType = sourcecode.swift; path = LoginManager.swift; sourceTree = "<group>"; };
		BB6FDDCE1C3E952700C366A2 /* ConfigHelper.swift */ = {isa = PBXFileReference; fileEncoding = 4; lastKnownFileType = sourcecode.swift; path = ConfigHelper.swift; sourceTree = "<group>"; };
		BB6FDDCF1C3E952700C366A2 /* GoogleMapsHelper.swift */ = {isa = PBXFileReference; fileEncoding = 4; lastKnownFileType = sourcecode.swift; path = GoogleMapsHelper.swift; sourceTree = "<group>"; };
		BB6FDDD01C3E952700C366A2 /* ParseHelper.swift */ = {isa = PBXFileReference; fileEncoding = 4; lastKnownFileType = sourcecode.swift; path = ParseHelper.swift; sourceTree = "<group>"; };
		BB6FDDD11C3E952700C366A2 /* PersistentData.swift */ = {isa = PBXFileReference; fileEncoding = 4; lastKnownFileType = sourcecode.swift; path = PersistentData.swift; sourceTree = "<group>"; };
		BB6FDDD21C3E952700C366A2 /* UIAlertView+Custom.swift */ = {isa = PBXFileReference; fileEncoding = 4; lastKnownFileType = sourcecode.swift; path = "UIAlertView+Custom.swift"; sourceTree = "<group>"; };
		BB6FDDD91C3E97E100C366A2 /* DetailProfileTableViewCell.swift */ = {isa = PBXFileReference; fileEncoding = 4; lastKnownFileType = sourcecode.swift; path = DetailProfileTableViewCell.swift; sourceTree = "<group>"; };
		BB6FDDDA1C3E97E100C366A2 /* DetailProfileTableViewCell.xib */ = {isa = PBXFileReference; fileEncoding = 4; lastKnownFileType = file.xib; path = DetailProfileTableViewCell.xib; sourceTree = "<group>"; };
		BB6FDDDB1C3E97E100C366A2 /* GoNowListView.xib */ = {isa = PBXFileReference; fileEncoding = 4; lastKnownFileType = file.xib; path = GoNowListView.xib; sourceTree = "<group>"; };
		BB6FDDDC1C3E97E100C366A2 /* GoNowTableViewCell.swift */ = {isa = PBXFileReference; fileEncoding = 4; lastKnownFileType = sourcecode.swift; path = GoNowTableViewCell.swift; sourceTree = "<group>"; };
		BB6FDDDD1C3E97E100C366A2 /* GoNowTableViewCell.xib */ = {isa = PBXFileReference; fileEncoding = 4; lastKnownFileType = file.xib; path = GoNowTableViewCell.xib; sourceTree = "<group>"; };
		BB6FDDDE1C3E97E100C366A2 /* MapView.xib */ = {isa = PBXFileReference; fileEncoding = 4; lastKnownFileType = file.xib; path = MapView.xib; sourceTree = "<group>"; };
		BB6FDDDF1C3E97E100C366A2 /* MarkWindow.swift */ = {isa = PBXFileReference; fileEncoding = 4; lastKnownFileType = sourcecode.swift; path = MarkWindow.swift; sourceTree = "<group>"; };
		BB6FDDE01C3E97E100C366A2 /* MarkWindow.xib */ = {isa = PBXFileReference; fileEncoding = 4; lastKnownFileType = file.xib; path = MarkWindow.xib; sourceTree = "<group>"; };
		BB6FDDE11C3E97E100C366A2 /* PickerView.xib */ = {isa = PBXFileReference; fileEncoding = 4; lastKnownFileType = file.xib; path = PickerView.xib; sourceTree = "<group>"; };
		BB6FDDE21C3E97E100C366A2 /* ProfileView.xib */ = {isa = PBXFileReference; fileEncoding = 4; lastKnownFileType = file.xib; path = ProfileView.xib; sourceTree = "<group>"; };
		BB6FDDE51C3E97E100C366A2 /* TargetProfileView.xib */ = {isa = PBXFileReference; fileEncoding = 4; lastKnownFileType = file.xib; path = TargetProfileView.xib; sourceTree = "<group>"; };
		BB6FDE0E1C43AC1500C366A2 /* FeedData.swift */ = {isa = PBXFileReference; fileEncoding = 4; lastKnownFileType = sourcecode.swift; path = FeedData.swift; sourceTree = "<group>"; };
		BB7A35431D9DCFE3008C1444 /* TwitterKitResources.bundle */ = {isa = PBXFileReference; lastKnownFileType = "wrapper.plug-in"; name = TwitterKitResources.bundle; path = Pods/TwitterKit/iOS/TwitterKit.framework/Versions/A/Resources/TwitterKitResources.bundle; sourceTree = "<group>"; };
		BB8474F91CCEDC110001FFB8 /* ImakokoView.xib */ = {isa = PBXFileReference; fileEncoding = 4; lastKnownFileType = file.xib; path = ImakokoView.xib; sourceTree = "<group>"; };
		BB87AD8F1CDB14C5003973D7 /* SafariServices.framework */ = {isa = PBXFileReference; lastKnownFileType = wrapper.framework; name = SafariServices.framework; path = System/Library/Frameworks/SafariServices.framework; sourceTree = SDKROOT; };
		BB8B07211E4A144700CD02E8 /* UserData.swift */ = {isa = PBXFileReference; fileEncoding = 4; lastKnownFileType = sourcecode.swift; path = UserData.swift; sourceTree = "<group>"; };
		BB8B07231E4B273400CD02E8 /* GonowData.swift */ = {isa = PBXFileReference; fileEncoding = 4; lastKnownFileType = sourcecode.swift; path = GonowData.swift; sourceTree = "<group>"; };
		BB8B07261E504E9700CD02E8 /* StyleConst.swift */ = {isa = PBXFileReference; fileEncoding = 4; lastKnownFileType = sourcecode.swift; path = StyleConst.swift; sourceTree = "<group>"; };
		BBA5C4931B3542F3005D062B /* GoogleMaps.framework */ = {isa = PBXFileReference; lastKnownFileType = wrapper.framework; name = GoogleMaps.framework; path = Pods/GoogleMaps/Frameworks/GoogleMaps.framework; sourceTree = "<group>"; };
		BBC3A3ED1B3E7BB6002CBBE9 /* AVFoundation.framework */ = {isa = PBXFileReference; lastKnownFileType = wrapper.framework; name = AVFoundation.framework; path = System/Library/Frameworks/AVFoundation.framework; sourceTree = SDKROOT; };
		BBC3A3EF1B3E7BC1002CBBE9 /* CoreData.framework */ = {isa = PBXFileReference; lastKnownFileType = wrapper.framework; name = CoreData.framework; path = System/Library/Frameworks/CoreData.framework; sourceTree = SDKROOT; };
		BBC3A3F11B3E7BDC002CBBE9 /* CoreLocation.framework */ = {isa = PBXFileReference; lastKnownFileType = wrapper.framework; name = CoreLocation.framework; path = System/Library/Frameworks/CoreLocation.framework; sourceTree = SDKROOT; };
		BBC3A3F31B3E7BEB002CBBE9 /* CoreText.framework */ = {isa = PBXFileReference; lastKnownFileType = wrapper.framework; name = CoreText.framework; path = System/Library/Frameworks/CoreText.framework; sourceTree = SDKROOT; };
		BBC3A3F51B3E7BF8002CBBE9 /* GLKit.framework */ = {isa = PBXFileReference; lastKnownFileType = wrapper.framework; name = GLKit.framework; path = System/Library/Frameworks/GLKit.framework; sourceTree = SDKROOT; };
		BBC3A3F71B3E7C03002CBBE9 /* ImageIO.framework */ = {isa = PBXFileReference; lastKnownFileType = wrapper.framework; name = ImageIO.framework; path = System/Library/Frameworks/ImageIO.framework; sourceTree = SDKROOT; };
		BBC3A3F91B3E7C14002CBBE9 /* libicucore.dylib */ = {isa = PBXFileReference; lastKnownFileType = "compiled.mach-o.dylib"; name = libicucore.dylib; path = usr/lib/libicucore.dylib; sourceTree = SDKROOT; };
		BBC3A3FB1B3E7C21002CBBE9 /* libstdc++.dylib */ = {isa = PBXFileReference; lastKnownFileType = "compiled.mach-o.dylib"; name = "libstdc++.dylib"; path = "usr/lib/libstdc++.dylib"; sourceTree = SDKROOT; };
		BBC3A3FD1B3E7C2B002CBBE9 /* libz.dylib */ = {isa = PBXFileReference; lastKnownFileType = "compiled.mach-o.dylib"; name = libz.dylib; path = usr/lib/libz.dylib; sourceTree = SDKROOT; };
		BBC3A3FF1B3E7C37002CBBE9 /* OpenGLES.framework */ = {isa = PBXFileReference; lastKnownFileType = wrapper.framework; name = OpenGLES.framework; path = System/Library/Frameworks/OpenGLES.framework; sourceTree = SDKROOT; };
		BBC3A4011B3E7C40002CBBE9 /* QuartzCore.framework */ = {isa = PBXFileReference; lastKnownFileType = wrapper.framework; name = QuartzCore.framework; path = System/Library/Frameworks/QuartzCore.framework; sourceTree = SDKROOT; };
		BBC3A4031B3E7C49002CBBE9 /* SystemConfiguration.framework */ = {isa = PBXFileReference; lastKnownFileType = wrapper.framework; name = SystemConfiguration.framework; path = System/Library/Frameworks/SystemConfiguration.framework; sourceTree = SDKROOT; };
		BBC5E3A61E32150900EDE432 /* Info.plist */ = {isa = PBXFileReference; fileEncoding = 4; lastKnownFileType = text.plist.xml; path = Info.plist; sourceTree = "<group>"; };
		BBD353571CDDCCB1007B1A1C /* SettingsView.xib */ = {isa = PBXFileReference; fileEncoding = 4; lastKnownFileType = file.xib; path = SettingsView.xib; sourceTree = "<group>"; };
		BBDB23431B929C700035EE1A /* ja */ = {isa = PBXFileReference; lastKnownFileType = text.plist.strings; name = ja; path = ja.lproj/LaunchScreen.strings; sourceTree = "<group>"; };
		BBEFA89A1B57BE99002EFC7A /* AppDelegate.swift */ = {isa = PBXFileReference; fileEncoding = 4; lastKnownFileType = sourcecode.swift; path = AppDelegate.swift; sourceTree = "<group>"; };
		BBEFA8A81B59E603002EFC7A /* AudioToolbox.framework */ = {isa = PBXFileReference; lastKnownFileType = wrapper.framework; name = AudioToolbox.framework; path = System/Library/Frameworks/AudioToolbox.framework; sourceTree = SDKROOT; };
		BBEFA8AA1B59E60C002EFC7A /* CFNetwork.framework */ = {isa = PBXFileReference; lastKnownFileType = wrapper.framework; name = CFNetwork.framework; path = System/Library/Frameworks/CFNetwork.framework; sourceTree = SDKROOT; };
		BBEFA8AC1B59E616002EFC7A /* CoreGraphics.framework */ = {isa = PBXFileReference; lastKnownFileType = wrapper.framework; name = CoreGraphics.framework; path = System/Library/Frameworks/CoreGraphics.framework; sourceTree = SDKROOT; };
		BBEFA8AE1B59E633002EFC7A /* Security.framework */ = {isa = PBXFileReference; lastKnownFileType = wrapper.framework; name = Security.framework; path = System/Library/Frameworks/Security.framework; sourceTree = SDKROOT; };
		BBEFA8B01B59E63B002EFC7A /* StoreKit.framework */ = {isa = PBXFileReference; lastKnownFileType = wrapper.framework; name = StoreKit.framework; path = System/Library/Frameworks/StoreKit.framework; sourceTree = SDKROOT; };
		BBEFA8B21B59E64F002EFC7A /* libsqlite3.dylib */ = {isa = PBXFileReference; lastKnownFileType = "compiled.mach-o.dylib"; name = libsqlite3.dylib; path = usr/lib/libsqlite3.dylib; sourceTree = SDKROOT; };
		BBFEC6D81B92B7D90069137A /* Base */ = {isa = PBXFileReference; lastKnownFileType = file.storyboard; name = Base; path = Base.lproj/Main.storyboard; sourceTree = "<group>"; };
		CBB3E236C240ADE353F10B6A /* Pods-Machinbo.release.xcconfig */ = {isa = PBXFileReference; includeInIndex = 1; lastKnownFileType = text.xcconfig; name = "Pods-Machinbo.release.xcconfig"; path = "Pods/Target Support Files/Pods-Machinbo/Pods-Machinbo.release.xcconfig"; sourceTree = "<group>"; };
		D675FFC1D3086246DB758F25 /* Pods.framework */ = {isa = PBXFileReference; explicitFileType = wrapper.framework; includeInIndex = 0; path = Pods.framework; sourceTree = BUILT_PRODUCTS_DIR; };
		D79434F062A69B3BFD9A05CB /* Pods-Machinbo.debug.xcconfig */ = {isa = PBXFileReference; includeInIndex = 1; lastKnownFileType = text.xcconfig; name = "Pods-Machinbo.debug.xcconfig"; path = "Pods/Target Support Files/Pods-Machinbo/Pods-Machinbo.debug.xcconfig"; sourceTree = "<group>"; };
/* End PBXFileReference section */

/* Begin PBXFrameworksBuildPhase section */
		9409F7811B2D994D0069DAE8 /* Frameworks */ = {
			isa = PBXFrameworksBuildPhase;
			buildActionMask = 2147483647;
			files = (
				BB1A1E5B1CE93B190090E72D /* MessageUI.framework in Frameworks */,
				BB87AD901CDB14C5003973D7 /* SafariServices.framework in Frameworks */,
				BB4B3E741B5A00A600183F62 /* Social.framework in Frameworks */,
				BB4B3E721B5A009F00183F62 /* Accounts.framework in Frameworks */,
				BB4B3E701B5A009500183F62 /* libz.dylib in Frameworks */,
				BBEFA8B31B59E64F002EFC7A /* libsqlite3.dylib in Frameworks */,
				BB4B3E6F1B5A001200183F62 /* libstdc++.6.dylib in Frameworks */,
				BBC3A4041B3E7C49002CBBE9 /* SystemConfiguration.framework in Frameworks */,
				BBEFA8B11B59E63B002EFC7A /* StoreKit.framework in Frameworks */,
				BBEFA8AF1B59E633002EFC7A /* Security.framework in Frameworks */,
				BBC3A4021B3E7C40002CBBE9 /* QuartzCore.framework in Frameworks */,
				BBC3A3F21B3E7BDC002CBBE9 /* CoreLocation.framework in Frameworks */,
				BBEFA8AD1B59E616002EFC7A /* CoreGraphics.framework in Frameworks */,
				BBEFA8AB1B59E60C002EFC7A /* CFNetwork.framework in Frameworks */,
				BBEFA8A91B59E603002EFC7A /* AudioToolbox.framework in Frameworks */,
				BBC3A4001B3E7C37002CBBE9 /* OpenGLES.framework in Frameworks */,
				BBC3A3FA1B3E7C14002CBBE9 /* libicucore.dylib in Frameworks */,
				BBC3A3F81B3E7C03002CBBE9 /* ImageIO.framework in Frameworks */,
				BBC3A3F61B3E7BF8002CBBE9 /* GLKit.framework in Frameworks */,
				BBC3A3F41B3E7BEB002CBBE9 /* CoreText.framework in Frameworks */,
				BBC3A3F01B3E7BC1002CBBE9 /* CoreData.framework in Frameworks */,
				BBC3A3EE1B3E7BB6002CBBE9 /* AVFoundation.framework in Frameworks */,
				BBA5C4941B3542F3005D062B /* GoogleMaps.framework in Frameworks */,
				3A3F2150C031256EB68D9076 /* Pods_Machinbo.framework in Frameworks */,
			);
			runOnlyForDeploymentPostprocessing = 0;
		};
		9409F7981B2D994D0069DAE8 /* Frameworks */ = {
			isa = PBXFrameworksBuildPhase;
			buildActionMask = 2147483647;
			files = (
				21565CE3717E47A0479B49DF /* Pods_MachinboTests.framework in Frameworks */,
			);
			runOnlyForDeploymentPostprocessing = 0;
		};
/* End PBXFrameworksBuildPhase section */

/* Begin PBXGroup section */
		69873D646BC5E4EA93DB1322 /* Frameworks */ = {
			isa = PBXGroup;
			children = (
				BB7A35431D9DCFE3008C1444 /* TwitterKitResources.bundle */,
				BB1A1E5A1CE93B190090E72D /* MessageUI.framework */,
				BB87AD8F1CDB14C5003973D7 /* SafariServices.framework */,
				BB6BE7B21C4B8407004BD903 /* SCLAlertView.framework */,
				BB4B3E731B5A00A600183F62 /* Social.framework */,
				BB4B3E711B5A009F00183F62 /* Accounts.framework */,
				BB4B3E6E1B5A001200183F62 /* libstdc++.6.dylib */,
				BBEFA8B21B59E64F002EFC7A /* libsqlite3.dylib */,
				BBEFA8B01B59E63B002EFC7A /* StoreKit.framework */,
				BBEFA8AE1B59E633002EFC7A /* Security.framework */,
				BBEFA8AC1B59E616002EFC7A /* CoreGraphics.framework */,
				BBEFA8AA1B59E60C002EFC7A /* CFNetwork.framework */,
				BBEFA8A81B59E603002EFC7A /* AudioToolbox.framework */,
				BBC3A4031B3E7C49002CBBE9 /* SystemConfiguration.framework */,
				BBC3A4011B3E7C40002CBBE9 /* QuartzCore.framework */,
				BBC3A3FF1B3E7C37002CBBE9 /* OpenGLES.framework */,
				BBC3A3FD1B3E7C2B002CBBE9 /* libz.dylib */,
				BBC3A3FB1B3E7C21002CBBE9 /* libstdc++.dylib */,
				BBC3A3F91B3E7C14002CBBE9 /* libicucore.dylib */,
				BBC3A3F71B3E7C03002CBBE9 /* ImageIO.framework */,
				BBC3A3F51B3E7BF8002CBBE9 /* GLKit.framework */,
				BBC3A3F31B3E7BEB002CBBE9 /* CoreText.framework */,
				BBC3A3F11B3E7BDC002CBBE9 /* CoreLocation.framework */,
				BBC3A3EF1B3E7BC1002CBBE9 /* CoreData.framework */,
				BBC3A3ED1B3E7BB6002CBBE9 /* AVFoundation.framework */,
				BBA5C4931B3542F3005D062B /* GoogleMaps.framework */,
				D675FFC1D3086246DB758F25 /* Pods.framework */,
				2C275108A6ABA651FAA2DEFE /* Pods_Machinbo.framework */,
				998B8F3B9A497577B3C7CA6E /* Pods_MachinboTests.framework */,
			);
			name = Frameworks;
			sourceTree = "<group>";
		};
		80B1F1431EAC1AB4B15C0184 /* Pods */ = {
			isa = PBXGroup;
			children = (
				D79434F062A69B3BFD9A05CB /* Pods-Machinbo.debug.xcconfig */,
				CBB3E236C240ADE353F10B6A /* Pods-Machinbo.release.xcconfig */,
				630EC4F74C0D5E7636DD6777 /* Pods-MachinboTests.debug.xcconfig */,
				95438EFEBF279B2FDC49DA39 /* Pods-MachinboTests.release.xcconfig */,
			);
			name = Pods;
			sourceTree = "<group>";
		};
		9409F77B1B2D994D0069DAE8 = {
			isa = PBXGroup;
			children = (
				9409F7861B2D994D0069DAE8 /* Machinbo */,
				9409F79E1B2D994D0069DAE8 /* MachinboTests */,
				9409F7851B2D994D0069DAE8 /* Products */,
				69873D646BC5E4EA93DB1322 /* Frameworks */,
				80B1F1431EAC1AB4B15C0184 /* Pods */,
			);
			sourceTree = "<group>";
		};
		9409F7851B2D994D0069DAE8 /* Products */ = {
			isa = PBXGroup;
			children = (
				9409F7841B2D994D0069DAE8 /* Machinbo.app */,
				9409F79B1B2D994D0069DAE8 /* MachinboTests.xctest */,
			);
			name = Products;
			sourceTree = "<group>";
		};
		9409F7861B2D994D0069DAE8 /* Machinbo */ = {
			isa = PBXGroup;
			children = (
				BB58C8FD1E705AA300557B32 /* style.geojson */,
				BB8B07251E504E6200CD02E8 /* Consts */,
				941312DF1E1FF2EB00374E05 /* Machinbo.entitlements */,
				BB6FDE0B1C43AAF600C366A2 /* Model */,
				BB6FDE001C3E9D0D00C366A2 /* Images */,
				BB6FDDF31C3E998000C366A2 /* Controllers */,
				BB6FDDD81C3E97E100C366A2 /* Views */,
				BB6FDDCD1C3E952700C366A2 /* Helpers */,
				BB6FDDC81C3E934F00C366A2 /* Utilities */,
				BB6FDDC51C3E92FD00C366A2 /* Classes */,
				BBEFA89A1B57BE99002EFC7A /* AppDelegate.swift */,
				BBFEC6D71B92B7D90069137A /* Main.storyboard */,
				9409F7921B2D994D0069DAE8 /* Images.xcassets */,
				9409F7941B2D994D0069DAE8 /* LaunchScreen.xib */,
				9409F7871B2D994D0069DAE8 /* Supporting Files */,
			);
			path = Machinbo;
			sourceTree = "<group>";
		};
		9409F7871B2D994D0069DAE8 /* Supporting Files */ = {
			isa = PBXGroup;
			children = (
				BBC5E3A61E32150900EDE432 /* Info.plist */,
				BB36D8DE1D0D57A100266BB6 /* Bridging_Header.h */,
				BB1A1E5C1CF515A90090E72D /* UserPolicy.txt */,
			);
			name = "Supporting Files";
			sourceTree = "<group>";
		};
		9409F79E1B2D994D0069DAE8 /* MachinboTests */ = {
			isa = PBXGroup;
			children = (
				9409F7A11B2D994D0069DAE8 /* MachinboTests.swift */,
				9409F79F1B2D994D0069DAE8 /* Supporting Files */,
			);
			path = MachinboTests;
			sourceTree = "<group>";
		};
		9409F79F1B2D994D0069DAE8 /* Supporting Files */ = {
			isa = PBXGroup;
			children = (
				9409F7A01B2D994D0069DAE8 /* Info.plist */,
			);
			name = "Supporting Files";
			sourceTree = "<group>";
		};
		BB6FDDC51C3E92FD00C366A2 /* Classes */ = {
			isa = PBXGroup;
			children = (
				BB6FDDC61C3E92FD00C366A2 /* ZFRippleButton.swift */,
			);
			path = Classes;
			sourceTree = "<group>";
		};
		BB6FDDC81C3E934F00C366A2 /* Utilities */ = {
			isa = PBXGroup;
			children = (
				9484EBD91CC38BC800DEC7A4 /* AMReachability.swift */,
				BB58C8FB1E705A5F00557B32 /* LayoutManager.swift */,
				BB6FDDCA1C3E934F00C366A2 /* LoginManager.swift */,
			);
			path = Utilities;
			sourceTree = "<group>";
		};
		BB6FDDCD1C3E952700C366A2 /* Helpers */ = {
			isa = PBXGroup;
			children = (
				BB3858D71D803C16006637F6 /* NotificationHelper.swift */,
				BB6FDDCE1C3E952700C366A2 /* ConfigHelper.swift */,
				94A91D3F1CC448B1004E7652 /* MBProgressHUDHelper.swift */,
				BB6FDDCF1C3E952700C366A2 /* GoogleMapsHelper.swift */,
				BB6FDDD01C3E952700C366A2 /* ParseHelper.swift */,
				BB6FDDD11C3E952700C366A2 /* PersistentData.swift */,
				BB6FDDD21C3E952700C366A2 /* UIAlertView+Custom.swift */,
				BB36D8DA1D0D184E00266BB6 /* LocationManager.swift */,
				BB36D8DF1D0E295000266BB6 /* UIViewExtensions.swift */,
			);
			path = Helpers;
			sourceTree = "<group>";
		};
		BB6FDDD81C3E97E100C366A2 /* Views */ = {
			isa = PBXGroup;
			children = (
				BB8474F91CCEDC110001FFB8 /* ImakokoView.xib */,
				BB6FDDD91C3E97E100C366A2 /* DetailProfileTableViewCell.swift */,
				BB6FDDDA1C3E97E100C366A2 /* DetailProfileTableViewCell.xib */,
				BB6FDDDB1C3E97E100C366A2 /* GoNowListView.xib */,
				BB6FDDDC1C3E97E100C366A2 /* GoNowTableViewCell.swift */,
				BB6FDDDD1C3E97E100C366A2 /* GoNowTableViewCell.xib */,
				BB6FDDDE1C3E97E100C366A2 /* MapView.xib */,
				BB6FDDDF1C3E97E100C366A2 /* MarkWindow.swift */,
				BB6FDDE01C3E97E100C366A2 /* MarkWindow.xib */,
				BB6FDDE11C3E97E100C366A2 /* PickerView.xib */,
				BB6FDDE21C3E97E100C366A2 /* ProfileView.xib */,
				BB6FDDE51C3E97E100C366A2 /* TargetProfileView.xib */,
				BBD353571CDDCCB1007B1A1C /* SettingsView.xib */,
			);
			path = Views;
			sourceTree = "<group>";
		};
		BB6FDDF31C3E998000C366A2 /* Controllers */ = {
			isa = PBXGroup;
			children = (
				BB58C8E91E705A0900557B32 /* GoNowViewController.swift */,
				BB58C8EA1E705A0900557B32 /* MapViewController.swift */,
				BB58C8EB1E705A0900557B32 /* MarkerDraggableViewController.swift */,
				BB58C8EC1E705A0900557B32 /* MeetupViewController.swift */,
				BB58C8ED1E705A0900557B32 /* PickerViewController.swift */,
				BB58C8EE1E705A0900557B32 /* ProfileViewController.swift */,
				BB58C8EF1E705A0900557B32 /* SettingsViewController.swift */,
				BB58C8F01E705A0900557B32 /* TargetProfileViewController.swift */,
				BB58C8F11E705A0900557B32 /* TransisionProtocol.swift */,
			);
			path = Controllers;
			sourceTree = "<group>";
		};
		BB6FDE001C3E9D0D00C366A2 /* Images */ = {
			isa = PBXGroup;
			children = (
				BB58C8D11E7059D800557B32 /* edit@2x.png */,
				BB58C8D21E7059D800557B32 /* fukidashi.png */,
				BB58C8D31E7059D800557B32 /* home@2x.png */,
				BB58C8D41E7059D800557B32 /* logo_fb.png */,
				BB58C8D51E7059D800557B32 /* logo_twitter.png */,
				BB56B7F81E75A0B50095AD6C /* photo@2x.png */,
				BB58C8D61E7059D800557B32 /* mappin@2x.png */,
				BB58C8D71E7059D800557B32 /* meetup@2x.png */,
				BB58C8D91E7059D800557B32 /* profile_icon@2x.png */,
				BB58C8DA1E7059D800557B32 /* reload@2x.png */,
				BB58C8DB1E7059D800557B32 /* search@2x.png */,
				BB58C8DC1E7059D800557B32 /* settings@2x.png */,
			);
			path = Images;
			sourceTree = "<group>";
		};
		BB6FDE0B1C43AAF600C366A2 /* Model */ = {
			isa = PBXGroup;
			children = (
				BB6FDE0E1C43AC1500C366A2 /* FeedData.swift */,
				BB8B07211E4A144700CD02E8 /* UserData.swift */,
				BB8B07231E4B273400CD02E8 /* GonowData.swift */,
			);
			path = Model;
			sourceTree = "<group>";
		};
		BB8B07251E504E6200CD02E8 /* Consts */ = {
			isa = PBXGroup;
			children = (
				BB8B07261E504E9700CD02E8 /* StyleConst.swift */,
			);
			name = Consts;
			sourceTree = "<group>";
		};
/* End PBXGroup section */

/* Begin PBXNativeTarget section */
		9409F7831B2D994D0069DAE8 /* Machinbo */ = {
			isa = PBXNativeTarget;
			buildConfigurationList = 9409F7A51B2D994D0069DAE8 /* Build configuration list for PBXNativeTarget "Machinbo" */;
			buildPhases = (
				05B8142B1C8C4690E8CD007D /* [CP] Check Pods Manifest.lock */,
				9409F7801B2D994D0069DAE8 /* Sources */,
				9409F7811B2D994D0069DAE8 /* Frameworks */,
				9409F7821B2D994D0069DAE8 /* Resources */,
				BB7A35421D9DCF45008C1444 /* Run Script */,
				01050A63463D6924008332C5 /* [CP] Embed Pods Frameworks */,
				36D1AE06EC085DE6F9907822 /* [CP] Copy Pods Resources */,
			);
			buildRules = (
			);
			dependencies = (
			);
			name = Machinbo;
			productName = Machinbo;
			productReference = 9409F7841B2D994D0069DAE8 /* Machinbo.app */;
			productType = "com.apple.product-type.application";
		};
		9409F79A1B2D994D0069DAE8 /* MachinboTests */ = {
			isa = PBXNativeTarget;
			buildConfigurationList = 9409F7A81B2D994D0069DAE8 /* Build configuration list for PBXNativeTarget "MachinboTests" */;
			buildPhases = (
				3A2E1B36CA5C3EC1FF5FE4F4 /* [CP] Check Pods Manifest.lock */,
				9409F7971B2D994D0069DAE8 /* Sources */,
				9409F7981B2D994D0069DAE8 /* Frameworks */,
				9409F7991B2D994D0069DAE8 /* Resources */,
				673C8F051C397579DC3FF270 /* [CP] Embed Pods Frameworks */,
				915273D7E6CEF1A3E5628EA0 /* [CP] Copy Pods Resources */,
			);
			buildRules = (
			);
			dependencies = (
				9409F79D1B2D994D0069DAE8 /* PBXTargetDependency */,
			);
			name = MachinboTests;
			productName = MachinboTests;
			productReference = 9409F79B1B2D994D0069DAE8 /* MachinboTests.xctest */;
			productType = "com.apple.product-type.bundle.unit-test";
		};
/* End PBXNativeTarget section */

/* Begin PBXProject section */
		9409F77C1B2D994D0069DAE8 /* Project object */ = {
			isa = PBXProject;
			attributes = {
				LastSwiftMigration = 0720;
				LastSwiftUpdateCheck = 0720;
				LastUpgradeCheck = 0730;
				ORGANIZATIONNAME = Zombieges;
				TargetAttributes = {
					9409F7831B2D994D0069DAE8 = {
						CreatedOnToolsVersion = 6.3.2;
						DevelopmentTeam = PBLDVE7SPT;
						LastSwiftMigration = 0810;
						SystemCapabilities = {
							com.apple.BackgroundModes = {
								enabled = 1;
							};
							com.apple.Push = {
								enabled = 1;
							};
						};
					};
					9409F79A1B2D994D0069DAE8 = {
						CreatedOnToolsVersion = 6.3.2;
						DevelopmentTeam = PBLDVE7SPT;
						LastSwiftMigration = 0810;
						TestTargetID = 9409F7831B2D994D0069DAE8;
					};
				};
			};
			buildConfigurationList = 9409F77F1B2D994D0069DAE8 /* Build configuration list for PBXProject "Machinbo" */;
			compatibilityVersion = "Xcode 3.2";
			developmentRegion = English;
			hasScannedForEncodings = 0;
			knownRegions = (
				en,
				Base,
			);
			mainGroup = 9409F77B1B2D994D0069DAE8;
			productRefGroup = 9409F7851B2D994D0069DAE8 /* Products */;
			projectDirPath = "";
			projectRoot = "";
			targets = (
				9409F7831B2D994D0069DAE8 /* Machinbo */,
				9409F79A1B2D994D0069DAE8 /* MachinboTests */,
			);
		};
/* End PBXProject section */

/* Begin PBXResourcesBuildPhase section */
		9409F7821B2D994D0069DAE8 /* Resources */ = {
			isa = PBXResourcesBuildPhase;
			buildActionMask = 2147483647;
			files = (
				BB6FDDED1C3E97E100C366A2 /* MarkWindow.xib in Resources */,
				BB58C8E61E7059D800557B32 /* reload@2x.png in Resources */,
				BB1A1E5D1CF515A90090E72D /* UserPolicy.txt in Resources */,
				BB6FDDEA1C3E97E100C366A2 /* GoNowTableViewCell.xib in Resources */,
				BB58C8DF1E7059D800557B32 /* home@2x.png in Resources */,
				BB7A35441D9DCFE4008C1444 /* TwitterKitResources.bundle in Resources */,
				BB56B7F91E75A0B50095AD6C /* photo@2x.png in Resources */,
				BB6FDDF21C3E97E100C366A2 /* TargetProfileView.xib in Resources */,
				BBFEC6D91B92B7D90069137A /* Main.storyboard in Resources */,
				BB8474FA1CCEDC110001FFB8 /* ImakokoView.xib in Resources */,
				BB58C8FE1E705AA300557B32 /* style.geojson in Resources */,
				BB58C8E81E7059D800557B32 /* settings@2x.png in Resources */,
				BB6FDDE71C3E97E100C366A2 /* DetailProfileTableViewCell.xib in Resources */,
				BB58C8E31E7059D800557B32 /* meetup@2x.png in Resources */,
				BB6FDDEE1C3E97E100C366A2 /* PickerView.xib in Resources */,
				BBD353581CDDCCB1007B1A1C /* SettingsView.xib in Resources */,
				BB58C8E21E7059D800557B32 /* mappin@2x.png in Resources */,
				BB58C8E11E7059D800557B32 /* logo_twitter.png in Resources */,
				9409F7961B2D994D0069DAE8 /* LaunchScreen.xib in Resources */,
				BB6FDDE81C3E97E100C366A2 /* GoNowListView.xib in Resources */,
				BB58C8E71E7059D800557B32 /* search@2x.png in Resources */,
				BB58C8E51E7059D800557B32 /* profile_icon@2x.png in Resources */,
				BB58C8DE1E7059D800557B32 /* fukidashi.png in Resources */,
				9409F7931B2D994D0069DAE8 /* Images.xcassets in Resources */,
				BB6FDDEF1C3E97E100C366A2 /* ProfileView.xib in Resources */,
				BB6FDDEB1C3E97E100C366A2 /* MapView.xib in Resources */,
				BBC5E3A71E32150900EDE432 /* Info.plist in Resources */,
				BB58C8E01E7059D800557B32 /* logo_fb.png in Resources */,
				BB58C8DD1E7059D800557B32 /* edit@2x.png in Resources */,
			);
			runOnlyForDeploymentPostprocessing = 0;
		};
		9409F7991B2D994D0069DAE8 /* Resources */ = {
			isa = PBXResourcesBuildPhase;
			buildActionMask = 2147483647;
			files = (
			);
			runOnlyForDeploymentPostprocessing = 0;
		};
/* End PBXResourcesBuildPhase section */

/* Begin PBXShellScriptBuildPhase section */
		01050A63463D6924008332C5 /* [CP] Embed Pods Frameworks */ = {
			isa = PBXShellScriptBuildPhase;
			buildActionMask = 2147483647;
			files = (
			);
			inputPaths = (
			);
			name = "[CP] Embed Pods Frameworks";
			outputPaths = (
			);
			runOnlyForDeploymentPostprocessing = 0;
			shellPath = /bin/sh;
			shellScript = "\"${SRCROOT}/Pods/Target Support Files/Pods-Machinbo/Pods-Machinbo-frameworks.sh\"\n";
			showEnvVarsInLog = 0;
		};
		05B8142B1C8C4690E8CD007D /* [CP] Check Pods Manifest.lock */ = {
			isa = PBXShellScriptBuildPhase;
			buildActionMask = 2147483647;
			files = (
			);
			inputPaths = (
			);
			name = "[CP] Check Pods Manifest.lock";
			outputPaths = (
			);
			runOnlyForDeploymentPostprocessing = 0;
			shellPath = /bin/sh;
			shellScript = "diff \"${PODS_ROOT}/../Podfile.lock\" \"${PODS_ROOT}/Manifest.lock\" > /dev/null\nif [ $? != 0 ] ; then\n    # print error to STDERR\n    echo \"error: The sandbox is not in sync with the Podfile.lock. Run 'pod install' or update your CocoaPods installation.\" >&2\n    exit 1\nfi\n";
			showEnvVarsInLog = 0;
		};
		36D1AE06EC085DE6F9907822 /* [CP] Copy Pods Resources */ = {
			isa = PBXShellScriptBuildPhase;
			buildActionMask = 2147483647;
			files = (
			);
			inputPaths = (
			);
			name = "[CP] Copy Pods Resources";
			outputPaths = (
			);
			runOnlyForDeploymentPostprocessing = 0;
			shellPath = /bin/sh;
			shellScript = "\"${SRCROOT}/Pods/Target Support Files/Pods-Machinbo/Pods-Machinbo-resources.sh\"\n";
			showEnvVarsInLog = 0;
		};
		3A2E1B36CA5C3EC1FF5FE4F4 /* [CP] Check Pods Manifest.lock */ = {
			isa = PBXShellScriptBuildPhase;
			buildActionMask = 2147483647;
			files = (
			);
			inputPaths = (
			);
			name = "[CP] Check Pods Manifest.lock";
			outputPaths = (
			);
			runOnlyForDeploymentPostprocessing = 0;
			shellPath = /bin/sh;
			shellScript = "diff \"${PODS_ROOT}/../Podfile.lock\" \"${PODS_ROOT}/Manifest.lock\" > /dev/null\nif [ $? != 0 ] ; then\n    # print error to STDERR\n    echo \"error: The sandbox is not in sync with the Podfile.lock. Run 'pod install' or update your CocoaPods installation.\" >&2\n    exit 1\nfi\n";
			showEnvVarsInLog = 0;
		};
		673C8F051C397579DC3FF270 /* [CP] Embed Pods Frameworks */ = {
			isa = PBXShellScriptBuildPhase;
			buildActionMask = 2147483647;
			files = (
			);
			inputPaths = (
			);
			name = "[CP] Embed Pods Frameworks";
			outputPaths = (
			);
			runOnlyForDeploymentPostprocessing = 0;
			shellPath = /bin/sh;
			shellScript = "\"${SRCROOT}/Pods/Target Support Files/Pods-MachinboTests/Pods-MachinboTests-frameworks.sh\"\n";
			showEnvVarsInLog = 0;
		};
		915273D7E6CEF1A3E5628EA0 /* [CP] Copy Pods Resources */ = {
			isa = PBXShellScriptBuildPhase;
			buildActionMask = 2147483647;
			files = (
			);
			inputPaths = (
			);
			name = "[CP] Copy Pods Resources";
			outputPaths = (
			);
			runOnlyForDeploymentPostprocessing = 0;
			shellPath = /bin/sh;
			shellScript = "\"${SRCROOT}/Pods/Target Support Files/Pods-MachinboTests/Pods-MachinboTests-resources.sh\"\n";
			showEnvVarsInLog = 0;
		};
		BB7A35421D9DCF45008C1444 /* Run Script */ = {
			isa = PBXShellScriptBuildPhase;
			buildActionMask = 2147483647;
			files = (
			);
			inputPaths = (
			);
			name = "Run Script";
			outputPaths = (
			);
			runOnlyForDeploymentPostprocessing = 0;
			shellPath = /bin/sh;
			shellScript = "\"${PODS_ROOT}/Fabric/run\" d1cb3ad27331201c7159f0a5c109840c635ee454 e564b520c8f78fcb5c608a9f91ed17e1b257c9bdea6adb08a97025f6fe71931f";
		};
/* End PBXShellScriptBuildPhase section */

/* Begin PBXSourcesBuildPhase section */
		9409F7801B2D994D0069DAE8 /* Sources */ = {
			isa = PBXSourcesBuildPhase;
			buildActionMask = 2147483647;
			files = (
				BB36D8E01D0E295000266BB6 /* UIViewExtensions.swift in Sources */,
				BB8B07221E4A144700CD02E8 /* UserData.swift in Sources */,
				9484EBDA1CC38BC800DEC7A4 /* AMReachability.swift in Sources */,
				BB6FDDD71C3E952700C366A2 /* UIAlertView+Custom.swift in Sources */,
				BB6FDDD41C3E952700C366A2 /* GoogleMapsHelper.swift in Sources */,
				BB58C8FC1E705A5F00557B32 /* LayoutManager.swift in Sources */,
				BB6FDDCC1C3E934F00C366A2 /* LoginManager.swift in Sources */,
				BB58C8F71E705A0900557B32 /* ProfileViewController.swift in Sources */,
				BB8B07271E504E9700CD02E8 /* StyleConst.swift in Sources */,
				BB6FDDE91C3E97E100C366A2 /* GoNowTableViewCell.swift in Sources */,
				BB58C8F51E705A0900557B32 /* MeetupViewController.swift in Sources */,
				BB58C8F41E705A0900557B32 /* MarkerDraggableViewController.swift in Sources */,
				BB6FDDE61C3E97E100C366A2 /* DetailProfileTableViewCell.swift in Sources */,
				BB58C8F31E705A0900557B32 /* MapViewController.swift in Sources */,
				BB6FDDD31C3E952700C366A2 /* ConfigHelper.swift in Sources */,
				BBEFA89B1B57BE99002EFC7A /* AppDelegate.swift in Sources */,
				BB58C8F21E705A0900557B32 /* GoNowViewController.swift in Sources */,
				BB58C8F91E705A0900557B32 /* TargetProfileViewController.swift in Sources */,
				BB6FDE0F1C43AC1500C366A2 /* FeedData.swift in Sources */,
				BB58C8F61E705A0900557B32 /* PickerViewController.swift in Sources */,
				BB6FDDEC1C3E97E100C366A2 /* MarkWindow.swift in Sources */,
				BB6FDDC71C3E92FD00C366A2 /* ZFRippleButton.swift in Sources */,
				BB3858D81D803C17006637F6 /* NotificationHelper.swift in Sources */,
				BB8B07241E4B273400CD02E8 /* GonowData.swift in Sources */,
				BB58C8F81E705A0900557B32 /* SettingsViewController.swift in Sources */,
				BB36D8DB1D0D184E00266BB6 /* LocationManager.swift in Sources */,
				BB6FDDD51C3E952700C366A2 /* ParseHelper.swift in Sources */,
				BB58C8FA1E705A0900557B32 /* TransisionProtocol.swift in Sources */,
				BB6FDDD61C3E952700C366A2 /* PersistentData.swift in Sources */,
				94A91D401CC448B1004E7652 /* MBProgressHUDHelper.swift in Sources */,
			);
			runOnlyForDeploymentPostprocessing = 0;
		};
		9409F7971B2D994D0069DAE8 /* Sources */ = {
			isa = PBXSourcesBuildPhase;
			buildActionMask = 2147483647;
			files = (
				9409F7A21B2D994D0069DAE8 /* MachinboTests.swift in Sources */,
			);
			runOnlyForDeploymentPostprocessing = 0;
		};
/* End PBXSourcesBuildPhase section */

/* Begin PBXTargetDependency section */
		9409F79D1B2D994D0069DAE8 /* PBXTargetDependency */ = {
			isa = PBXTargetDependency;
			target = 9409F7831B2D994D0069DAE8 /* Machinbo */;
			targetProxy = 9409F79C1B2D994D0069DAE8 /* PBXContainerItemProxy */;
		};
/* End PBXTargetDependency section */

/* Begin PBXVariantGroup section */
		9409F7941B2D994D0069DAE8 /* LaunchScreen.xib */ = {
			isa = PBXVariantGroup;
			children = (
				9409F7951B2D994D0069DAE8 /* Base */,
				BBDB23431B929C700035EE1A /* ja */,
			);
			name = LaunchScreen.xib;
			sourceTree = "<group>";
		};
		BBFEC6D71B92B7D90069137A /* Main.storyboard */ = {
			isa = PBXVariantGroup;
			children = (
				BBFEC6D81B92B7D90069137A /* Base */,
			);
			name = Main.storyboard;
			sourceTree = "<group>";
		};
/* End PBXVariantGroup section */

/* Begin XCBuildConfiguration section */
		9409F7A31B2D994D0069DAE8 /* Debug */ = {
			isa = XCBuildConfiguration;
			buildSettings = {
				ALWAYS_SEARCH_USER_PATHS = NO;
				CLANG_CXX_LANGUAGE_STANDARD = "gnu++0x";
				CLANG_CXX_LIBRARY = "libc++";
				CLANG_ENABLE_MODULES = YES;
				CLANG_ENABLE_OBJC_ARC = YES;
				CLANG_WARN_BOOL_CONVERSION = YES;
				CLANG_WARN_CONSTANT_CONVERSION = YES;
				CLANG_WARN_DIRECT_OBJC_ISA_USAGE = YES_ERROR;
				CLANG_WARN_EMPTY_BODY = YES;
				CLANG_WARN_ENUM_CONVERSION = YES;
				CLANG_WARN_INT_CONVERSION = YES;
				CLANG_WARN_OBJC_ROOT_CLASS = YES_ERROR;
				CLANG_WARN_UNREACHABLE_CODE = YES;
				CLANG_WARN__DUPLICATE_METHOD_MATCH = YES;
				"CODE_SIGN_IDENTITY[sdk=iphoneos*]" = "iPhone Developer";
				COPY_PHASE_STRIP = NO;
				DEBUG_INFORMATION_FORMAT = "dwarf-with-dsym";
				ENABLE_STRICT_OBJC_MSGSEND = YES;
				ENABLE_TESTABILITY = YES;
				GCC_C_LANGUAGE_STANDARD = gnu99;
				GCC_DYNAMIC_NO_PIC = NO;
				GCC_NO_COMMON_BLOCKS = YES;
				GCC_OPTIMIZATION_LEVEL = 0;
				GCC_PREPROCESSOR_DEFINITIONS = (
					"DEBUG=1",
					"$(inherited)",
				);
				GCC_SYMBOLS_PRIVATE_EXTERN = NO;
				GCC_WARN_64_TO_32_BIT_CONVERSION = YES;
				GCC_WARN_ABOUT_RETURN_TYPE = YES_ERROR;
				GCC_WARN_UNDECLARED_SELECTOR = YES;
				GCC_WARN_UNINITIALIZED_AUTOS = YES_AGGRESSIVE;
				GCC_WARN_UNUSED_FUNCTION = YES;
				GCC_WARN_UNUSED_VARIABLE = YES;
				IPHONEOS_DEPLOYMENT_TARGET = 10.2;
				MTL_ENABLE_DEBUG_INFO = YES;
				ONLY_ACTIVE_ARCH = YES;
				SDKROOT = iphoneos;
				SWIFT_OPTIMIZATION_LEVEL = "-Onone";
			};
			name = Debug;
		};
		9409F7A41B2D994D0069DAE8 /* Release */ = {
			isa = XCBuildConfiguration;
			buildSettings = {
				ALWAYS_SEARCH_USER_PATHS = NO;
				CLANG_CXX_LANGUAGE_STANDARD = "gnu++0x";
				CLANG_CXX_LIBRARY = "libc++";
				CLANG_ENABLE_MODULES = YES;
				CLANG_ENABLE_OBJC_ARC = YES;
				CLANG_WARN_BOOL_CONVERSION = YES;
				CLANG_WARN_CONSTANT_CONVERSION = YES;
				CLANG_WARN_DIRECT_OBJC_ISA_USAGE = YES_ERROR;
				CLANG_WARN_EMPTY_BODY = YES;
				CLANG_WARN_ENUM_CONVERSION = YES;
				CLANG_WARN_INT_CONVERSION = YES;
				CLANG_WARN_OBJC_ROOT_CLASS = YES_ERROR;
				CLANG_WARN_UNREACHABLE_CODE = YES;
				CLANG_WARN__DUPLICATE_METHOD_MATCH = YES;
				"CODE_SIGN_IDENTITY[sdk=iphoneos*]" = "iPhone Developer";
				COPY_PHASE_STRIP = NO;
				DEBUG_INFORMATION_FORMAT = "dwarf-with-dsym";
				ENABLE_NS_ASSERTIONS = NO;
				ENABLE_STRICT_OBJC_MSGSEND = YES;
				GCC_C_LANGUAGE_STANDARD = gnu99;
				GCC_NO_COMMON_BLOCKS = YES;
				GCC_WARN_64_TO_32_BIT_CONVERSION = YES;
				GCC_WARN_ABOUT_RETURN_TYPE = YES_ERROR;
				GCC_WARN_UNDECLARED_SELECTOR = YES;
				GCC_WARN_UNINITIALIZED_AUTOS = YES_AGGRESSIVE;
				GCC_WARN_UNUSED_FUNCTION = YES;
				GCC_WARN_UNUSED_VARIABLE = YES;
				IPHONEOS_DEPLOYMENT_TARGET = 10.2;
				MTL_ENABLE_DEBUG_INFO = NO;
				SDKROOT = iphoneos;
				SWIFT_OPTIMIZATION_LEVEL = "-O";
				VALIDATE_PRODUCT = YES;
			};
			name = Release;
		};
		9409F7A61B2D994D0069DAE8 /* Debug */ = {
			isa = XCBuildConfiguration;
			baseConfigurationReference = D79434F062A69B3BFD9A05CB /* Pods-Machinbo.debug.xcconfig */;
			buildSettings = {
				ASSETCATALOG_COMPILER_APPICON_NAME = AppIcon;
				CODE_SIGN_ENTITLEMENTS = Machinbo/Machinbo.entitlements;
				CODE_SIGN_IDENTITY = "iPhone Developer";
				"CODE_SIGN_IDENTITY[sdk=iphoneos*]" = "iPhone Developer";
				DEVELOPMENT_TEAM = PBLDVE7SPT;
				FRAMEWORK_SEARCH_PATHS = (
					"$(inherited)",
					"$(PROJECT_DIR)/Pods/GoogleMaps/Frameworks",
					"$(PROJECT_DIR)",
					"$(PROJECT_DIR)/build/Debug-iphoneos",
				);
				INFOPLIST_FILE = Machinbo/Info.plist;
				IPHONEOS_DEPLOYMENT_TARGET = 10.2;
				LD_RUNPATH_SEARCH_PATHS = "$(inherited) @executable_path/Frameworks";
				LIBRARY_SEARCH_PATHS = "$(inherited)";
				ONLY_ACTIVE_ARCH = YES;
				OTHER_LDFLAGS = (
					"$(inherited)",
					"-l\"icucore\"",
					"-l\"z\"",
					"-framework",
					"\"AVFoundation\"",
					"-framework",
					"\"Accelerate\"",
					"-framework",
					"\"CoreBluetooth\"",
					"-framework",
					"\"CoreData\"",
					"-framework",
					"\"CoreGraphics\"",
					"-framework",
					"\"CoreLocation\"",
					"-framework",
					"\"CoreText\"",
					"-framework",
					"\"GLKit\"",
					"-framework",
					"\"GoogleMaps\"",
					"-framework",
					"\"ImageIO\"",
					"-framework",
					"\"OpenGLES\"",
					"-framework",
					"\"QuartzCore\"",
					"-framework",
					"\"Security\"",
					"-framework",
					"\"SystemConfiguration\"",
					"-ObjC",
				);
				PRODUCT_BUNDLE_IDENTIFIER = Zombieges.Machinbo;
				PRODUCT_NAME = "$(TARGET_NAME)";
				PROVISIONING_PROFILE = "";
				"SWIFT_OBJC_BRIDGING_HEADER[arch=*]" = "$(SRCROOT)/$(PRODUCT)Machinbo/Bridging_Header.h";
				SWIFT_VERSION = 3.0;
				TARGETED_DEVICE_FAMILY = 1;
			};
			name = Debug;
		};
		9409F7A71B2D994D0069DAE8 /* Release */ = {
			isa = XCBuildConfiguration;
			baseConfigurationReference = CBB3E236C240ADE353F10B6A /* Pods-Machinbo.release.xcconfig */;
			buildSettings = {
				ASSETCATALOG_COMPILER_APPICON_NAME = AppIcon;
				CODE_SIGN_ENTITLEMENTS = Machinbo/Machinbo.entitlements;
				CODE_SIGN_IDENTITY = "iPhone Developer";
				"CODE_SIGN_IDENTITY[sdk=iphoneos*]" = "iPhone Developer";
				DEVELOPMENT_TEAM = PBLDVE7SPT;
				FRAMEWORK_SEARCH_PATHS = (
					"$(inherited)",
					"$(PROJECT_DIR)/Pods/GoogleMaps/Frameworks",
					"$(PROJECT_DIR)",
					"$(PROJECT_DIR)/build/Debug-iphoneos",
				);
				INFOPLIST_FILE = Machinbo/Info.plist;
				IPHONEOS_DEPLOYMENT_TARGET = 10.2;
				LD_RUNPATH_SEARCH_PATHS = "$(inherited) @executable_path/Frameworks";
				LIBRARY_SEARCH_PATHS = "$(inherited)";
				OTHER_LDFLAGS = (
					"$(inherited)",
					"-l\"icucore\"",
					"-l\"z\"",
					"-framework",
					"\"AVFoundation\"",
					"-framework",
					"\"Accelerate\"",
					"-framework",
					"\"CoreBluetooth\"",
					"-framework",
					"\"CoreData\"",
					"-framework",
					"\"CoreGraphics\"",
					"-framework",
					"\"CoreLocation\"",
					"-framework",
					"\"CoreText\"",
					"-framework",
					"\"GLKit\"",
					"-framework",
					"\"GoogleMaps\"",
					"-framework",
					"\"ImageIO\"",
					"-framework",
					"\"OpenGLES\"",
					"-framework",
					"\"QuartzCore\"",
					"-framework",
					"\"Security\"",
					"-framework",
					"\"SystemConfiguration\"",
					"-ObjC",
				);
				PRODUCT_BUNDLE_IDENTIFIER = Zombieges.Machinbo;
				PRODUCT_NAME = "$(TARGET_NAME)";
				PROVISIONING_PROFILE = "";
				SWIFT_VERSION = 3.0;
				TARGETED_DEVICE_FAMILY = 1;
			};
			name = Release;
		};
		9409F7A91B2D994D0069DAE8 /* Debug */ = {
			isa = XCBuildConfiguration;
			baseConfigurationReference = 630EC4F74C0D5E7636DD6777 /* Pods-MachinboTests.debug.xcconfig */;
			buildSettings = {
				BUNDLE_LOADER = "$(TEST_HOST)";
				DEVELOPMENT_TEAM = PBLDVE7SPT;
				FRAMEWORK_SEARCH_PATHS = "$(inherited)";
				GCC_PREPROCESSOR_DEFINITIONS = (
					"DEBUG=1",
					"$(inherited)",
				);
				INFOPLIST_FILE = MachinboTests/Info.plist;
				LD_RUNPATH_SEARCH_PATHS = "$(inherited) @executable_path/Frameworks @loader_path/Frameworks";
				PRODUCT_BUNDLE_IDENTIFIER = "Zombieges.$(PRODUCT_NAME:rfc1034identifier)";
				PRODUCT_NAME = "$(TARGET_NAME)";
				SWIFT_VERSION = 3.0;
				TEST_HOST = "$(BUILT_PRODUCTS_DIR)/Machinbo.app/Machinbo";
			};
			name = Debug;
		};
		9409F7AA1B2D994D0069DAE8 /* Release */ = {
			isa = XCBuildConfiguration;
			baseConfigurationReference = 95438EFEBF279B2FDC49DA39 /* Pods-MachinboTests.release.xcconfig */;
			buildSettings = {
				BUNDLE_LOADER = "$(TEST_HOST)";
				DEVELOPMENT_TEAM = PBLDVE7SPT;
				FRAMEWORK_SEARCH_PATHS = "$(inherited)";
				INFOPLIST_FILE = MachinboTests/Info.plist;
				LD_RUNPATH_SEARCH_PATHS = "$(inherited) @executable_path/Frameworks @loader_path/Frameworks";
				PRODUCT_BUNDLE_IDENTIFIER = "Zombieges.$(PRODUCT_NAME:rfc1034identifier)";
				PRODUCT_NAME = "$(TARGET_NAME)";
				SWIFT_VERSION = 3.0;
				TEST_HOST = "$(BUILT_PRODUCTS_DIR)/Machinbo.app/Machinbo";
			};
			name = Release;
		};
/* End XCBuildConfiguration section */

/* Begin XCConfigurationList section */
		9409F77F1B2D994D0069DAE8 /* Build configuration list for PBXProject "Machinbo" */ = {
			isa = XCConfigurationList;
			buildConfigurations = (
				9409F7A31B2D994D0069DAE8 /* Debug */,
				9409F7A41B2D994D0069DAE8 /* Release */,
			);
			defaultConfigurationIsVisible = 0;
			defaultConfigurationName = Release;
		};
		9409F7A51B2D994D0069DAE8 /* Build configuration list for PBXNativeTarget "Machinbo" */ = {
			isa = XCConfigurationList;
			buildConfigurations = (
				9409F7A61B2D994D0069DAE8 /* Debug */,
				9409F7A71B2D994D0069DAE8 /* Release */,
			);
			defaultConfigurationIsVisible = 0;
			defaultConfigurationName = Release;
		};
		9409F7A81B2D994D0069DAE8 /* Build configuration list for PBXNativeTarget "MachinboTests" */ = {
			isa = XCConfigurationList;
			buildConfigurations = (
				9409F7A91B2D994D0069DAE8 /* Debug */,
				9409F7AA1B2D994D0069DAE8 /* Release */,
			);
			defaultConfigurationIsVisible = 0;
			defaultConfigurationName = Release;
		};
/* End XCConfigurationList section */
	};
	rootObject = 9409F77C1B2D994D0069DAE8 /* Project object */;
}
